
Microsoft Visual Studio Solution File, Format Version 12.00
# Visual Studio Version 17
VisualStudioVersion = 17.1.32414.318
MinimumVisualStudioVersion = 10.0.40219.1
Project("{FAE04EC0-301F-11D3-BF4B-00C04F79EFBC}") = "Catalog", "Catalog\Catalog.csproj", "{7EC8DEDE-686D-46ED-A8D6-1027301AB8F6}"
EndProject
Project("{FAE04EC0-301F-11D3-BF4B-00C04F79EFBC}") = "FileHelp", "FileHelp\FileHelp.csproj", "{D5024D65-BCE3-4253-9FD4-A7A7770EEED6}"
EndProject
Global
	GlobalSection(SolutionConfigurationPlatforms) = preSolution
		Debug|Any CPU = Debug|Any CPU
		Release|Any CPU = Release|Any CPU
	EndGlobalSection
	GlobalSection(ProjectConfigurationPlatforms) = postSolution
		{7EC8DEDE-686D-46ED-A8D6-1027301AB8F6}.Debug|Any CPU.ActiveCfg = Debug|Any CPU
		{7EC8DEDE-686D-46ED-A8D6-1027301AB8F6}.Debug|Any CPU.Build.0 = Debug|Any CPU
		{7EC8DEDE-686D-46ED-A8D6-1027301AB8F6}.Release|Any CPU.ActiveCfg = Release|Any CPU
		{7EC8DEDE-686D-46ED-A8D6-1027301AB8F6}.Release|Any CPU.Build.0 = Release|Any CPU
		{D5024D65-BCE3-4253-9FD4-A7A7770EEED6}.Debug|Any CPU.ActiveCfg = Debug|Any CPU
		{D5024D65-BCE3-4253-9FD4-A7A7770EEED6}.Debug|Any CPU.Build.0 = Debug|Any CPU
		{D5024D65-BCE3-4253-9FD4-A7A7770EEED6}.Release|Any CPU.ActiveCfg = Release|Any CPU
		{D5024D65-BCE3-4253-9FD4-A7A7770EEED6}.Release|Any CPU.Build.0 = Release|Any CPU
	EndGlobalSection
	GlobalSection(SolutionProperties) = preSolution
		HideSolutionNode = FALSE
	EndGlobalSection
	GlobalSection(ExtensibilityGlobals) = postSolution
		SolutionGuid = {B36BD722-8CE4-4040-B59E-1003A3A1FEB2}
	EndGlobalSection
EndGlobal
